Microsoft Visual Studio Solution File, Format Version 12.00
# Visual Studio Version 16
VisualStudioVersion = 16.0.29519.87
MinimumVisualStudioVersion = 10.0.40219.1
Project("{9A19103F-16F7-4668-BE54-9A1E7A4F7556}") = "HQPlus.Tests.Task2.ExcelGenerator", "HQPlus.Tests.Task2.ExcelGenerator\HQPlus.Tests.Task2.ExcelGenerator.csproj", "{9C74F2E8-E7D2-4E6C-B404-78E696D48995}"
EndProject
Project("{9A19103F-16F7-4668-BE54-9A1E7A4F7556}") = "HQPlus.Tests.Task2.GenerateReport", "HQPlus.Tests.Task2.GenerateReport\HQPlus.Tests.Task2.GenerateReport.csproj", "{4334B0F5-7786-4E29-B5EF-FC2F62BB5777}"
EndProject
Project("{9A19103F-16F7-4668-BE54-9A1E7A4F7556}") = "HQPlus.Tests.Task2.Model", "HQPlus.Tests.Task2.Model\HQPlus.Tests.Task2.Model.csproj", "{D24E0023-E1C7-4581-ACDB-B1CD1913EBBD}"
EndProject
Project("{FAE04EC0-301F-11D3-BF4B-00C04F79EFBC}") = "HQPlus.Tests.Task3.RatesFilter", "HQPlus.Tests.Task3.RatesFilter\HQPlus.Tests.Task3.RatesFilter.csproj", "{47FD1C2E-FDA1-4068-9A91-EAC554ED7D56}"
EndProject
Project("{FAE04EC0-301F-11D3-BF4B-00C04F79EFBC}") = "HQPlus.Tests.Task3.RestApi", "HQPlus.Tests.Task3.RestApi\HQPlus.Tests.Task3.RestApi.csproj", "{5D7A3107-7120-48BC-9117-725D7E9FAA88}"
EndProject
Global
	GlobalSection(SolutionConfigurationPlatforms) = preSolution
		Debug|Any CPU = Debug|Any CPU
		Release|Any CPU = Release|Any CPU
	EndGlobalSection
	GlobalSection(ProjectConfigurationPlatforms) = postSolution
		{9C74F2E8-E7D2-4E6C-B404-78E696D48995}.Debug|Any CPU.ActiveCfg = Debug|Any CPU
		{9C74F2E8-E7D2-4E6C-B404-78E696D48995}.Debug|Any CPU.Build.0 = Debug|Any CPU
		{9C74F2E8-E7D2-4E6C-B404-78E696D48995}.Release|Any CPU.ActiveCfg = Release|Any CPU
		{9C74F2E8-E7D2-4E6C-B404-78E696D48995}.Release|Any CPU.Build.0 = Release|Any CPU
		{4334B0F5-7786-4E29-B5EF-FC2F62BB5777}.Debug|Any CPU.ActiveCfg = Debug|Any CPU
		{4334B0F5-7786-4E29-B5EF-FC2F62BB5777}.Debug|Any CPU.Build.0 = Debug|Any CPU
		{4334B0F5-7786-4E29-B5EF-FC2F62BB5777}.Release|Any CPU.ActiveCfg = Release|Any CPU
		{4334B0F5-7786-4E29-B5EF-FC2F62BB5777}.Release|Any CPU.Build.0 = Release|Any CPU
		{D24E0023-E1C7-4581-ACDB-B1CD1913EBBD}.Debug|Any CPU.ActiveCfg = Debug|Any CPU
		{D24E0023-E1C7-4581-ACDB-B1CD1913EBBD}.Debug|Any CPU.Build.0 = Debug|Any CPU
		{D24E0023-E1C7-4581-ACDB-B1CD1913EBBD}.Release|Any CPU.ActiveCfg = Release|Any CPU
		{D24E0023-E1C7-4581-ACDB-B1CD1913EBBD}.Release|Any CPU.Build.0 = Release|Any CPU
		{47FD1C2E-FDA1-4068-9A91-EAC554ED7D56}.Debug|Any CPU.ActiveCfg = Debug|Any CPU
		{47FD1C2E-FDA1-4068-9A91-EAC554ED7D56}.Debug|Any CPU.Build.0 = Debug|Any CPU
		{47FD1C2E-FDA1-4068-9A91-EAC554ED7D56}.Release|Any CPU.ActiveCfg = Release|Any CPU
		{47FD1C2E-FDA1-4068-9A91-EAC554ED7D56}.Release|Any CPU.Build.0 = Release|Any CPU
		{5D7A3107-7120-48BC-9117-725D7E9FAA88}.Debug|Any CPU.ActiveCfg = Debug|Any CPU
		{5D7A3107-7120-48BC-9117-725D7E9FAA88}.Debug|Any CPU.Build.0 = Debug|Any CPU
		{5D7A3107-7120-48BC-9117-725D7E9FAA88}.Release|Any CPU.ActiveCfg = Release|Any CPU
		{5D7A3107-7120-48BC-9117-725D7E9FAA88}.Release|Any CPU.Build.0 = Release|Any CPU
	EndGlobalSection
	GlobalSection(SolutionProperties) = preSolution
		HideSolutionNode = FALSE
	EndGlobalSection
	GlobalSection(ExtensibilityGlobals) = postSolution
		SolutionGuid = {7BB242A5-721D-4CEB-B861-2A943383AD03}
	EndGlobalSection
EndGlobal
