
Microsoft Visual Studio Solution File, Format Version 12.00
# Visual Studio Version 16
VisualStudioVersion = 16.0.29519.87
MinimumVisualStudioVersion = 10.0.40219.1
Project("{FAE04EC0-301F-11D3-BF4B-00C04F79EFBC}") = "HQPlus.Tests.Task3.Api", "HQPlus.Tests.Task3.Api\HQPlus.Tests.Task3.Api.csproj", "{B045D5A1-B89F-4A36-BE45-D97BC36D90E3}"
EndProject
Global
	GlobalSection(SolutionConfigurationPlatforms) = preSolution
		Debug|Any CPU = Debug|Any CPU
		Release|Any CPU = Release|Any CPU
	EndGlobalSection
	GlobalSection(ProjectConfigurationPlatforms) = postSolution
		{B045D5A1-B89F-4A36-BE45-D97BC36D90E3}.Debug|Any CPU.ActiveCfg = Debug|Any CPU
		{B045D5A1-B89F-4A36-BE45-D97BC36D90E3}.Debug|Any CPU.Build.0 = Debug|Any CPU
		{B045D5A1-B89F-4A36-BE45-D97BC36D90E3}.Release|Any CPU.ActiveCfg = Release|Any CPU
		{B045D5A1-B89F-4A36-BE45-D97BC36D90E3}.Release|Any CPU.Build.0 = Release|Any CPU
	EndGlobalSection
	GlobalSection(SolutionProperties) = preSolution
		HideSolutionNode = FALSE
	EndGlobalSection
	GlobalSection(ExtensibilityGlobals) = postSolution
		SolutionGuid = {FD29CA7A-ADD8-4685-BE09-39BA7B9420D0}
	EndGlobalSection
EndGlobal
